
Microsoft Visual Studio Solution File, Format Version 12.00
# Visual Studio 15
VisualStudioVersion = 15.0.27703.2035
MinimumVisualStudioVersion = 10.0.40219.1
Project("{FAE04EC0-301F-11D3-BF4B-00C04F79EFBC}") = "DockerComms-Web", "DockerComms-Web\DockerComms-Web.csproj", "{72283607-BF4B-4A70-A299-B844F6541A2C}"
EndProject
Project("{E53339B2-1760-4266-BCC7-CA923CBCF16C}") = "docker-compose", "docker-compose.dcproj", "{7699B064-4929-439F-BC78-F54AC177B6F5}"
EndProject
Global
	GlobalSection(SolutionConfigurationPlatforms) = preSolution
		Debug|Any CPU = Debug|Any CPU
		Release|Any CPU = Release|Any CPU
	EndGlobalSection
	GlobalSection(ProjectConfigurationPlatforms) = postSolution
		{72283607-BF4B-4A70-A299-B844F6541A2C}.Debug|Any CPU.ActiveCfg = Debug|Any CPU
		{72283607-BF4B-4A70-A299-B844F6541A2C}.Debug|Any CPU.Build.0 = Debug|Any CPU
		{72283607-BF4B-4A70-A299-B844F6541A2C}.Release|Any CPU.ActiveCfg = Release|Any CPU
		{72283607-BF4B-4A70-A299-B844F6541A2C}.Release|Any CPU.Build.0 = Release|Any CPU
		{7699B064-4929-439F-BC78-F54AC177B6F5}.Debug|Any CPU.ActiveCfg = Debug|Any CPU
		{7699B064-4929-439F-BC78-F54AC177B6F5}.Debug|Any CPU.Build.0 = Debug|Any CPU
		{7699B064-4929-439F-BC78-F54AC177B6F5}.Release|Any CPU.ActiveCfg = Release|Any CPU
		{7699B064-4929-439F-BC78-F54AC177B6F5}.Release|Any CPU.Build.0 = Release|Any CPU
	EndGlobalSection
	GlobalSection(SolutionProperties) = preSolution
		HideSolutionNode = FALSE
	EndGlobalSection
	GlobalSection(ExtensibilityGlobals) = postSolution
		SolutionGuid = {A05CEB63-19EC-48E2-A6A8-10110D0AFCD4}
	EndGlobalSection
EndGlobal
